<?xml version="1.0" encoding="UTF-8" standalone="yes" ?>
<CodeBlocks_project_file>
	<FileVersion major="1" minor="6" />
	<Project>
		<Option title="L" />
		<Option pch_mode="2" />
		<Option compiler="null" />
		<Build>
			<Target title="Debug (Win)">
				<Option platforms="Windows;" />
				<Option output="bin/win/L" prefix_auto="1" extension_auto="1" />
				<Option working_dir="" />
				<Option object_output="obj/win/debug" />
				<Option type="2" />
				<Option compiler="microsoft_visual_c_2012" />
				<Option createDefFile="1" />
				<Compiler>
					<Add option="/DGLEW_STATIC" />
				</Compiler>
				<ExtraCommands>
					<Add after='lib.exe /NOLOGO /IGNORE:4006,4221 /LIBPATH:C:\Environment\MSVC\lib /OUT:&quot;$(PROJECT_DIR)$(TARGET_OUTPUT_FILE)&quot; &quot;$(PROJECT_DIR)$(TARGET_OUTPUT_FILE)&quot; gdi32.lib user32.lib opengl32.lib glew32s.lib glu32.lib ws2_32.lib' />
				</ExtraCommands>
			</Target>
			<Target title="Release (Win)">
				<Option platforms="Windows;" />
				<Option output="bin/win/L" prefix_auto="1" extension_auto="1" />
				<Option working_dir="" />
				<Option object_output="obj/win/release" />
				<Option type="2" />
				<Option compiler="microsoft_visual_c_2012" />
				<Option createDefFile="1" />
				<Compiler>
					<Add option="/O2" />
				</Compiler>
				<Linker>
					<Add option="-s" />
				</Linker>
				<ExtraCommands>
					<Add after='lib.exe /NOLOGO /IGNORE:4006,4221 /LIBPATH:C:\Environment\MSVC\lib /OUT:&quot;$(PROJECT_DIR)$(TARGET_OUTPUT_FILE)&quot; &quot;$(PROJECT_DIR)$(TARGET_OUTPUT_FILE)&quot; gdi32.lib user32.lib opengl32.lib glew32s.lib glu32.lib ws2_32.lib' />
				</ExtraCommands>
			</Target>
			<Target title="Debug (Unix)">
				<Option platforms="Unix;" />
				<Option output="bin/unix/L" prefix_auto="1" extension_auto="1" />
				<Option working_dir="" />
				<Option object_output="obj/unix/debug" />
				<Option type="2" />
				<Option compiler="gcc" />
				<Option createDefFile="1" />
				<Compiler>
					<Add option="-Wall" />
					<Add option="-g" />
				</Compiler>
			</Target>
			<Target title="Release (Unix)">
				<Option platforms="Unix;" />
				<Option output="bin/unix/L" prefix_auto="1" extension_auto="1" />
				<Option working_dir="" />
				<Option object_output="obj/unix/release" />
				<Option type="2" />
				<Option compiler="gcc" />
				<Option createDefFile="1" />
				<Compiler>
					<Add option="-O2" />
				</Compiler>
				<Linker>
					<Add option="-s" />
				</Linker>
			</Target>
		</Build>
		<Unit filename="Exception.cpp" />
		<Unit filename="Exception.h" />
		<Unit filename="Interface.h" />
		<Unit filename="L.h" />
		<Unit filename="Rand.cpp" />
		<Unit filename="Rand.h" />
		<Unit filename="String.cpp" />
		<Unit filename="String.h" />
		<Unit filename="ai.h" />
		<Unit filename="ai/MLP.cpp" />
		<Unit filename="ai/MLP.h" />
		<Unit filename="ai/Perceptron.cpp" />
		<Unit filename="ai/Perceptron.h" />
		<Unit filename="audio.h" />
		<Unit filename="audio/Midi.cpp" />
		<Unit filename="audio/Midi.h" />
		<Unit filename="bytes.h" />
		<Unit filename="bytes/BWT.cpp" />
		<Unit filename="bytes/BWT.h" />
		<Unit filename="bytes/Huffman.cpp" />
		<Unit filename="bytes/Huffman.h" />
		<Unit filename="bytes/MTF.cpp" />
		<Unit filename="bytes/MTF.h" />
		<Unit filename="bytes/encoding.cpp" />
		<Unit filename="bytes/encoding.h" />
		<Unit filename="constants.h" />
		<Unit filename="containers.h" />
		<Unit filename="containers/Array.h" />
		<Unit filename="containers/BTree.h" />
		<Unit filename="containers/KeyValue.h" />
		<Unit filename="containers/List.h" />
		<Unit filename="containers/Map.h" />
		<Unit filename="containers/MultiArray.h" />
		<Unit filename="containers/Pool.h" />
		<Unit filename="containers/Ref.h" />
		<Unit filename="containers/Set.h" />
		<Unit filename="containers/SortedArray.h" />
		<Unit filename="containers/StaticRing.h" />
		<Unit filename="containers/StaticStack.h" />
		<Unit filename="containers/Tree.h" />
		<Unit filename="containers/XML.cpp" />
		<Unit filename="containers/XML.h" />
		<Unit filename="dynamic.h" />
		<Unit filename="dynamic/Assembly.cpp" />
		<Unit filename="dynamic/Assembly.h" />
		<Unit filename="dynamic/Cast.cpp" />
		<Unit filename="dynamic/Cast.h" />
		<Unit filename="dynamic/Type.h" />
		<Unit filename="dynamic/Variable.cpp" />
		<Unit filename="dynamic/Variable.h" />
		<Unit filename="engine.h" />
		<Unit filename="engine/Component.h" />
		<Unit filename="engine/Engine.cpp" />
		<Unit filename="engine/Engine.h" />
		<Unit filename="engine/Entity.h" />
		<Unit filename="engine/Sprite.h" />
		<Unit filename="engine/SpriteAnimator.h" />
		<Unit filename="engine/Transform.h" />
		<Unit filename="font.h" />
		<Unit filename="font/Base.cpp" />
		<Unit filename="font/Base.h" />
		<Unit filename="font/Bitmap.cpp" />
		<Unit filename="font/Bitmap.h" />
		<Unit filename="font/Font.cpp" />
		<Unit filename="font/Font.h" />
		<Unit filename="font/Pixel.cpp" />
		<Unit filename="font/Pixel.h" />
		<Unit filename="geometry.h" />
		<Unit filename="geometry/Interval.h" />
		<Unit filename="geometry/Segment.h" />
		<Unit filename="geometry/Surface.h" />
		<Unit filename="geometry/Vector.h" />
		<Unit filename="geometry/Volume.h" />
		<Unit filename="gl.h" />
		<Unit filename="gl/Buffer.cpp" />
		<Unit filename="gl/Buffer.h" />
		<Unit filename="gl/Camera.cpp" />
		<Unit filename="gl/Camera.h" />
		<Unit filename="gl/FrameBuffer.cpp" />
		<Unit filename="gl/FrameBuffer.h" />
		<Unit filename="gl/GL.cpp" />
		<Unit filename="gl/GL.h" />
		<Unit filename="gl/Light.cpp" />
		<Unit filename="gl/Light.h" />
		<Unit filename="gl/Mesh.cpp" />
		<Unit filename="gl/Mesh.h" />
		<Unit filename="gl/MeshBuilder.cpp" />
		<Unit filename="gl/MeshBuilder.h" />
		<Unit filename="gl/PostProcess.cpp" />
		<Unit filename="gl/PostProcess.h" />
		<Unit filename="gl/Program.cpp" />
		<Unit filename="gl/Program.h" />
		<Unit filename="gl/RenderBuffer.cpp" />
		<Unit filename="gl/RenderBuffer.h" />
		<Unit filename="gl/Shader.cpp" />
		<Unit filename="gl/Shader.h" />
		<Unit filename="gl/Texture.cpp" />
		<Unit filename="gl/Texture.h" />
		<Unit filename="gui.h" />
		<Unit filename="gui/ActionListener.cpp" />
		<Unit filename="gui/ActionListener.h" />
		<Unit filename="gui/Background.cpp" />
		<Unit filename="gui/Background.h" />
		<Unit filename="gui/Base.cpp" />
		<Unit filename="gui/Base.h" />
		<Unit filename="gui/Border.cpp" />
		<Unit filename="gui/Border.h" />
		<Unit filename="gui/GUI.cpp" />
		<Unit filename="gui/GUI.h" />
		<Unit filename="gui/GridContainer.cpp" />
		<Unit filename="gui/GridContainer.h" />
		<Unit filename="gui/Image.cpp" />
		<Unit filename="gui/Image.h" />
		<Unit filename="gui/Layer.cpp" />
		<Unit filename="gui/Layer.h" />
		<Unit filename="gui/Line.cpp" />
		<Unit filename="gui/Line.h" />
		<Unit filename="gui/ListContainer.cpp" />
		<Unit filename="gui/ListContainer.h" />
		<Unit filename="gui/Rectangle.cpp" />
		<Unit filename="gui/Rectangle.h" />
		<Unit filename="gui/RelativeContainer.cpp" />
		<Unit filename="gui/RelativeContainer.h" />
		<Unit filename="gui/Scrollable.cpp" />
		<Unit filename="gui/Scrollable.h" />
		<Unit filename="gui/Sizable.cpp" />
		<Unit filename="gui/Sizable.h" />
		<Unit filename="gui/Slider.cpp" />
		<Unit filename="gui/Slider.h" />
		<Unit filename="gui/Solid.cpp" />
		<Unit filename="gui/Solid.h" />
		<Unit filename="gui/Text.cpp" />
		<Unit filename="gui/Text.h" />
		<Unit filename="gui/TextInput.cpp" />
		<Unit filename="gui/TextInput.h" />
		<Unit filename="image.h" />
		<Unit filename="image/Bitmap.cpp" />
		<Unit filename="image/Bitmap.h" />
		<Unit filename="image/Color.cpp" />
		<Unit filename="image/Color.h" />
		<Unit filename="macros.h" />
		<Unit filename="math.h" />
		<Unit filename="math/Fixed.cpp" />
		<Unit filename="math/Fixed.h" />
		<Unit filename="math/Integer.cpp" />
		<Unit filename="math/Integer.h" />
		<Unit filename="math/Interpolation.h" />
		<Unit filename="math/Matrix.h" />
		<Unit filename="math/Perlin.h" />
		<Unit filename="math/Rational.cpp" />
		<Unit filename="math/Rational.h" />
		<Unit filename="math/Real.cpp" />
		<Unit filename="math/Real.h" />
		<Unit filename="math/math.h" />
		<Unit filename="network.h" />
		<Unit filename="network/Network.cpp" />
		<Unit filename="network/Network.h" />
		<Unit filename="objects.h" />
		<Unit filename="parallelism.h" />
		<Unit filename="parallelism/Coroutine.cpp" />
		<Unit filename="parallelism/Coroutine.h" />
		<Unit filename="parallelism/Fiber.cpp" />
		<Unit filename="parallelism/Fiber.h" />
		<Unit filename="parallelism/Mutex.cpp" />
		<Unit filename="parallelism/Mutex.h" />
		<Unit filename="parallelism/RWSync.cpp" />
		<Unit filename="parallelism/RWSync.h" />
		<Unit filename="parallelism/Semaphore.h" />
		<Unit filename="parallelism/Thread.cpp" />
		<Unit filename="parallelism/Thread.h" />
		<Unit filename="parallelism/ThreadPool.cpp" />
		<Unit filename="parallelism/ThreadPool.h" />
		<Unit filename="parallelism/ThreadStore.cpp" />
		<Unit filename="parallelism/ThreadStore.h" />
		<Unit filename="patterns.h" />
		<Unit filename="patterns/Observable.h" />
		<Unit filename="patterns/Observer.h" />
		<Unit filename="patterns/Singleton.h" />
		<Unit filename="script.h" />
		<Unit filename="script/Context.cpp" />
		<Unit filename="script/Context.h" />
		<Unit filename="script/Lexer.cpp" />
		<Unit filename="script/Lexer.h" />
		<Unit filename="script/Parser.cpp" />
		<Unit filename="script/Parser.h" />
		<Unit filename="script/code.h" />
		<Unit filename="script/code/Base.cpp" />
		<Unit filename="script/code/Base.h" />
		<Unit filename="script/code/Node.cpp" />
		<Unit filename="script/code/Node.h" />
		<Unit filename="streams.h" />
		<Unit filename="streams/FileStream.h" />
		<Unit filename="streams/NetStream.cpp" />
		<Unit filename="streams/NetStream.h" />
		<Unit filename="streams/Stream.cpp" />
		<Unit filename="streams/Stream.h" />
		<Unit filename="system.h" />
		<Unit filename="system/Directory.cpp" />
		<Unit filename="system/Directory.h" />
		<Unit filename="system/File.cpp" />
		<Unit filename="system/File.h" />
		<Unit filename="system/System.cpp" />
		<Unit filename="system/System.h" />
		<Unit filename="system/Window.cpp" />
		<Unit filename="system/Window.h" />
		<Unit filename="systems.h" />
		<Unit filename="time.h" />
		<Unit filename="time/Time.cpp" />
		<Unit filename="time/Time.h" />
		<Unit filename="time/Timer.cpp" />
		<Unit filename="time/Timer.h" />
		<Unit filename="tmp.h" />
		<Unit filename="types.h" />
		<Extensions>
			<code_completion />
			<debugger />
			<envvars />
		</Extensions>
	</Project>
</CodeBlocks_project_file>
