<?xml version="1.0" encoding="UTF-8" standalone="yes" ?>
<CodeBlocks_project_file>
	<FileVersion major="1" minor="6" />
	<Project>
		<Option title="L" />
		<Option pch_mode="2" />
		<Option compiler="null" />
		<Build>
			<Target title="Debug (Win)">
				<Option platforms="Windows;" />
				<Option output="bin/win/L" prefix_auto="1" extension_auto="1" />
				<Option working_dir="" />
				<Option object_output="obj/win/debug" />
				<Option type="2" />
				<Option compiler="microsoft_visual_c_2012" />
				<Option createDefFile="1" />
				<Compiler>
					<Add option="-DL_Debug" />
				</Compiler>
			</Target>
			<Target title="Release (Win)">
				<Option platforms="Windows;" />
				<Option output="bin/win/L" prefix_auto="1" extension_auto="1" />
				<Option working_dir="" />
				<Option object_output="obj/win/release" />
				<Option type="2" />
				<Option compiler="microsoft_visual_c_2012" />
				<Option createDefFile="1" />
				<Linker>
					<Add option="-s" />
				</Linker>
			</Target>
			<Target title="Debug (MinGW)">
				<Option platforms="Windows;" />
				<Option output="bin/mingw/L" prefix_auto="1" extension_auto="1" />
				<Option working_dir="" />
				<Option object_output="obj/mingw/debug" />
				<Option type="2" />
				<Option compiler="gcc" />
				<Option createDefFile="1" />
				<Compiler>
					<Add option="-Wall" />
					<Add option="-g" />
					<Add option="-DL_Debug" />
				</Compiler>
			</Target>
			<Target title="Release (MinGW)">
				<Option platforms="Windows;" />
				<Option output="bin/mingw/L" prefix_auto="1" extension_auto="1" />
				<Option working_dir="" />
				<Option object_output="obj/mingw/release" />
				<Option type="2" />
				<Option compiler="gcc" />
				<Option createDefFile="1" />
				<Compiler>
					<Add option="-O3" />
				</Compiler>
				<Linker>
					<Add option="-s" />
				</Linker>
			</Target>
			<Target title="Debug (Unix)">
				<Option platforms="Unix;" />
				<Option output="bin/unix/L" prefix_auto="1" extension_auto="1" />
				<Option working_dir="" />
				<Option object_output="obj/unix/debug" />
				<Option type="2" />
				<Option compiler="gcc" />
				<Option createDefFile="1" />
				<Compiler>
					<Add option="-Wall" />
					<Add option="-g" />
				</Compiler>
			</Target>
			<Target title="Release (Unix)">
				<Option platforms="Unix;" />
				<Option output="bin/unix/L" prefix_auto="1" extension_auto="1" />
				<Option working_dir="" />
				<Option object_output="obj/unix/release" />
				<Option type="2" />
				<Option compiler="gcc" />
				<Option createDefFile="1" />
				<Compiler>
					<Add option="-O2" />
				</Compiler>
				<Linker>
					<Add option="-s" />
				</Linker>
			</Target>
		</Build>
		<Unit filename="Exception.cpp" />
		<Unit filename="Exception.h" />
		<Unit filename="Interface.h" />
		<Unit filename="L.h" />
		<Unit filename="Rand.cpp" />
		<Unit filename="Rand.h" />
		<Unit filename="ai.h" />
		<Unit filename="ai/MLP.cpp" />
		<Unit filename="ai/MLP.h" />
		<Unit filename="ai/Perceptron.cpp" />
		<Unit filename="ai/Perceptron.h" />
		<Unit filename="audio.h" />
		<Unit filename="audio/Audio.cpp" />
		<Unit filename="audio/Audio.h" />
		<Unit filename="audio/Buffer.cpp" />
		<Unit filename="audio/Buffer.h" />
		<Unit filename="audio/Format.cpp" />
		<Unit filename="audio/Format.h" />
		<Unit filename="audio/Input.cpp">
			<Option compilerVar="CC" />
		</Unit>
		<Unit filename="audio/Input.h" />
		<Unit filename="audio/Midi.cpp" />
		<Unit filename="audio/Midi.h" />
		<Unit filename="audio/Output.cpp" />
		<Unit filename="audio/Output.h" />
		<Unit filename="burp.h" />
		<Unit filename="burp/Code.cpp" />
		<Unit filename="burp/Code.h" />
		<Unit filename="burp/Code_ConstValue.cpp" />
		<Unit filename="burp/Code_ConstValue.h" />
		<Unit filename="burp/Code_For.cpp" />
		<Unit filename="burp/Code_For.h" />
		<Unit filename="burp/Code_FunctionCall.cpp" />
		<Unit filename="burp/Code_FunctionCall.h" />
		<Unit filename="burp/Code_If.cpp" />
		<Unit filename="burp/Code_If.h" />
		<Unit filename="burp/Code_Node.cpp" />
		<Unit filename="burp/Code_Node.h" />
		<Unit filename="burp/Code_Super.h" />
		<Unit filename="burp/Code_VarNode.cpp" />
		<Unit filename="burp/Code_VarNode.h" />
		<Unit filename="burp/Code_VarRef.cpp" />
		<Unit filename="burp/Code_VarRef.h" />
		<Unit filename="burp/Code_Variable.cpp" />
		<Unit filename="burp/Code_Variable.h" />
		<Unit filename="burp/Code_While.cpp" />
		<Unit filename="burp/Code_While.h" />
		<Unit filename="burp/Function.h" />
		<Unit filename="burp/Function_Code.cpp" />
		<Unit filename="burp/Function_Code.h" />
		<Unit filename="burp/Function_Pointer.cpp" />
		<Unit filename="burp/Function_Pointer.h" />
		<Unit filename="burp/VirtualMachine.cpp" />
		<Unit filename="burp/VirtualMachine.h" />
		<Unit filename="bytes.h" />
		<Unit filename="bytes/BWT.cpp" />
		<Unit filename="bytes/BWT.h" />
		<Unit filename="bytes/Huffman.cpp" />
		<Unit filename="bytes/Huffman.h" />
		<Unit filename="bytes/MTF.cpp" />
		<Unit filename="bytes/MTF.h" />
		<Unit filename="bytes/bytes.cpp" />
		<Unit filename="bytes/bytes.h" />
		<Unit filename="bytes/encoding.cpp" />
		<Unit filename="bytes/encoding.h" />
		<Unit filename="constants.h" />
		<Unit filename="containers.h" />
		<Unit filename="containers/Array.h" />
		<Unit filename="containers/BTree.h" />
		<Unit filename="containers/Buffer.h" />
		<Unit filename="containers/MultiArray.h" />
		<Unit filename="containers/Pool.h" />
		<Unit filename="containers/Ref.h" />
		<Unit filename="containers/Set.h" />
		<Unit filename="containers/SortedArray.h" />
		<Unit filename="containers/Tree.h" />
		<Unit filename="containers/XML.cpp" />
		<Unit filename="containers/XML.h" />
		<Unit filename="dbms.h" />
		<Unit filename="dbms/Base.cpp" />
		<Unit filename="dbms/Base.h" />
		<Unit filename="dbms/Table.h" />
		<Unit filename="dynamic.h" />
		<Unit filename="dynamic/Array.cpp" />
		<Unit filename="dynamic/Array.h" />
		<Unit filename="dynamic/Cast.cpp" />
		<Unit filename="dynamic/Cast.h" />
		<Unit filename="dynamic/Node.cpp" />
		<Unit filename="dynamic/Node.h" />
		<Unit filename="dynamic/Scope.cpp" />
		<Unit filename="dynamic/Scope.h" />
		<Unit filename="dynamic/Type.h" />
		<Unit filename="dynamic/Variable.cpp" />
		<Unit filename="dynamic/Variable.h" />
		<Unit filename="ecs.h" />
		<Unit filename="ecs/Component.h" />
		<Unit filename="ecs/Engine.cpp" />
		<Unit filename="ecs/Engine.h" />
		<Unit filename="ecs/Entity.cpp" />
		<Unit filename="ecs/Entity.h" />
		<Unit filename="font.h" />
		<Unit filename="font/Base.cpp" />
		<Unit filename="font/Base.h" />
		<Unit filename="font/Bitmap.cpp" />
		<Unit filename="font/Bitmap.h" />
		<Unit filename="font/Font.cpp" />
		<Unit filename="font/Font.h" />
		<Unit filename="general.cpp" />
		<Unit filename="general.h" />
		<Unit filename="geometry.h" />
		<Unit filename="geometry/Interval.h" />
		<Unit filename="geometry/Point.h" />
		<Unit filename="geometry/Segment.h" />
		<Unit filename="geometry/Surface.h" />
		<Unit filename="geometry/Volume.h" />
		<Unit filename="gl.h" />
		<Unit filename="gl/Buffer.cpp" />
		<Unit filename="gl/Buffer.h" />
		<Unit filename="gl/Camera.cpp" />
		<Unit filename="gl/Camera.h" />
		<Unit filename="gl/FrameBuffer.cpp" />
		<Unit filename="gl/FrameBuffer.h" />
		<Unit filename="gl/GL.cpp" />
		<Unit filename="gl/GL.h" />
		<Unit filename="gl/Light.cpp" />
		<Unit filename="gl/Light.h" />
		<Unit filename="gl/Mesh.cpp" />
		<Unit filename="gl/Mesh.h" />
		<Unit filename="gl/MeshBuilder.cpp" />
		<Unit filename="gl/MeshBuilder.h" />
		<Unit filename="gl/PostProcess.cpp" />
		<Unit filename="gl/PostProcess.h" />
		<Unit filename="gl/Program.cpp" />
		<Unit filename="gl/Program.h" />
		<Unit filename="gl/RenderBuffer.cpp" />
		<Unit filename="gl/RenderBuffer.h" />
		<Unit filename="gl/Shader.cpp" />
		<Unit filename="gl/Shader.h" />
		<Unit filename="gl/Texture.cpp" />
		<Unit filename="gl/Texture.h" />
		<Unit filename="graph.h" />
		<Unit filename="graph/Graph.cpp" />
		<Unit filename="graph/Graph.h" />
		<Unit filename="gui.h" />
		<Unit filename="gui/ActionListener.cpp" />
		<Unit filename="gui/ActionListener.h" />
		<Unit filename="gui/Background.cpp" />
		<Unit filename="gui/Background.h" />
		<Unit filename="gui/Base.cpp" />
		<Unit filename="gui/Base.h" />
		<Unit filename="gui/Border.cpp" />
		<Unit filename="gui/Border.h" />
		<Unit filename="gui/GUI.cpp" />
		<Unit filename="gui/GUI.h" />
		<Unit filename="gui/GridContainer.cpp" />
		<Unit filename="gui/GridContainer.h" />
		<Unit filename="gui/Image.cpp" />
		<Unit filename="gui/Image.h" />
		<Unit filename="gui/Layer.cpp" />
		<Unit filename="gui/Layer.h" />
		<Unit filename="gui/Line.cpp" />
		<Unit filename="gui/Line.h" />
		<Unit filename="gui/ListContainer.cpp" />
		<Unit filename="gui/ListContainer.h" />
		<Unit filename="gui/Rectangle.cpp" />
		<Unit filename="gui/Rectangle.h" />
		<Unit filename="gui/RelativeContainer.cpp" />
		<Unit filename="gui/RelativeContainer.h" />
		<Unit filename="gui/Scrollable.cpp" />
		<Unit filename="gui/Scrollable.h" />
		<Unit filename="gui/Sizable.cpp" />
		<Unit filename="gui/Sizable.h" />
		<Unit filename="gui/Slider.cpp" />
		<Unit filename="gui/Slider.h" />
		<Unit filename="gui/Solid.cpp" />
		<Unit filename="gui/Solid.h" />
		<Unit filename="gui/Text.cpp" />
		<Unit filename="gui/Text.h" />
		<Unit filename="gui/TextInput.cpp" />
		<Unit filename="gui/TextInput.h" />
		<Unit filename="image.h" />
		<Unit filename="image/Bitmap.cpp" />
		<Unit filename="image/Bitmap.h" />
		<Unit filename="image/Color.cpp" />
		<Unit filename="image/Color.h" />
		<Unit filename="logic.h" />
		<Unit filename="logic/Formula.cpp" />
		<Unit filename="logic/Formula.h" />
		<Unit filename="macros.h" />
		<Unit filename="math.h" />
		<Unit filename="math/Integer.cpp" />
		<Unit filename="math/Integer.h" />
		<Unit filename="math/Interpolation.h" />
		<Unit filename="math/Matrix.h" />
		<Unit filename="math/Perlin.h" />
		<Unit filename="math/Rational.cpp" />
		<Unit filename="math/Rational.h" />
		<Unit filename="math/Real.cpp" />
		<Unit filename="math/Real.h" />
		<Unit filename="network.h" />
		<Unit filename="network/Message.cpp" />
		<Unit filename="network/Message.h" />
		<Unit filename="network/MessageBox.cpp" />
		<Unit filename="network/MessageBox.h" />
		<Unit filename="network/Network.cpp" />
		<Unit filename="network/Network.h" />
		<Unit filename="network/Server.cpp" />
		<Unit filename="network/Server.h" />
		<Unit filename="network/Stream.cpp" />
		<Unit filename="network/Stream.h" />
		<Unit filename="parallelism.h" />
		<Unit filename="parallelism/Mutex.cpp" />
		<Unit filename="parallelism/Mutex.h" />
		<Unit filename="parallelism/RWSync.cpp" />
		<Unit filename="parallelism/RWSync.h" />
		<Unit filename="parallelism/Semaphore.cpp" />
		<Unit filename="parallelism/Semaphore.h" />
		<Unit filename="parallelism/Thread.cpp" />
		<Unit filename="parallelism/Thread.h" />
		<Unit filename="parallelism/ThreadPool.cpp" />
		<Unit filename="parallelism/ThreadPool.h" />
		<Unit filename="parallelism/ThreadStore.cpp" />
		<Unit filename="parallelism/ThreadStore.h" />
		<Unit filename="patterns.h" />
		<Unit filename="patterns/Observable.h" />
		<Unit filename="patterns/Observer.h" />
		<Unit filename="patterns/Singleton.h" />
		<Unit filename="regex.h" />
		<Unit filename="regex/Base.cpp" />
		<Unit filename="regex/Base.h" />
		<Unit filename="regex/Char.cpp" />
		<Unit filename="regex/Char.h" />
		<Unit filename="regex/Or.cpp" />
		<Unit filename="regex/Or.h" />
		<Unit filename="regex/Regex.cpp" />
		<Unit filename="regex/Regex.h" />
		<Unit filename="regex/String.cpp" />
		<Unit filename="regex/String.h" />
		<Unit filename="stl.h" />
		<Unit filename="stl/List.h" />
		<Unit filename="stl/Map.h" />
		<Unit filename="stl/Multimap.h" />
		<Unit filename="stl/Set.h" />
		<Unit filename="stl/String.cpp" />
		<Unit filename="stl/String.h" />
		<Unit filename="stl/VectorMap.h" />
		<Unit filename="streams.h" />
		<Unit filename="streams/FileStream.h" />
		<Unit filename="streams/Stream.cpp" />
		<Unit filename="streams/Stream.h" />
		<Unit filename="system.h" />
		<Unit filename="system/Directory.cpp" />
		<Unit filename="system/Directory.h" />
		<Unit filename="system/File.cpp" />
		<Unit filename="system/File.h" />
		<Unit filename="system/System.cpp" />
		<Unit filename="system/System.h" />
		<Unit filename="system/Window.cpp" />
		<Unit filename="system/Window.h" />
		<Unit filename="systems.h" />
		<Unit filename="text.h" />
		<Unit filename="text/String.cpp" />
		<Unit filename="text/String.h" />
		<Unit filename="time.h" />
		<Unit filename="time/Time.cpp" />
		<Unit filename="time/Time.h" />
		<Unit filename="time/Timer.cpp" />
		<Unit filename="time/Timer.h" />
		<Unit filename="tmp.h" />
		<Unit filename="types.h" />
		<Extensions>
			<code_completion />
			<debugger />
			<envvars />
		</Extensions>
	</Project>
</CodeBlocks_project_file>
